
Microsoft Visual Studio Solution File, Format Version 12.00
# Visual Studio Version 17
VisualStudioVersion = 17.7.34024.191
MinimumVisualStudioVersion = 10.0.40219.1
Project("{9A19103F-16F7-4668-BE54-9A1E7A4F7556}") = "SistemaDeCitas", "SistemaDeCitass\SistemaDeCitas.csproj", "{E0842DE0-B424-452A-A45B-485C43AED1A7}"
EndProject
Project("{9A19103F-16F7-4668-BE54-9A1E7A4F7556}") = "SistemaDeCitas.Shared", "SistemaDeCitas.Shared\SistemaDeCitas.Shared.csproj", "{E29400BD-4D44-46B8-B9A5-60F25B7C1FD1}"
EndProject
Project("{9A19103F-16F7-4668-BE54-9A1E7A4F7556}") = "Proyecto", "Proyecto\Proyecto.csproj", "{AB7FEA13-2074-4316-919F-748C2D42B052}"
EndProject
Global
	GlobalSection(SolutionConfigurationPlatforms) = preSolution
		Debug|Any CPU = Debug|Any CPU
		Release|Any CPU = Release|Any CPU
	EndGlobalSection
	GlobalSection(ProjectConfigurationPlatforms) = postSolution
		{E0842DE0-B424-452A-A45B-485C43AED1A7}.Debug|Any CPU.ActiveCfg = Debug|Any CPU
		{E0842DE0-B424-452A-A45B-485C43AED1A7}.Debug|Any CPU.Build.0 = Debug|Any CPU
		{E0842DE0-B424-452A-A45B-485C43AED1A7}.Release|Any CPU.ActiveCfg = Release|Any CPU
		{E0842DE0-B424-452A-A45B-485C43AED1A7}.Release|Any CPU.Build.0 = Release|Any CPU
		{E29400BD-4D44-46B8-B9A5-60F25B7C1FD1}.Debug|Any CPU.ActiveCfg = Debug|Any CPU
		{E29400BD-4D44-46B8-B9A5-60F25B7C1FD1}.Debug|Any CPU.Build.0 = Debug|Any CPU
		{E29400BD-4D44-46B8-B9A5-60F25B7C1FD1}.Release|Any CPU.ActiveCfg = Release|Any CPU
		{E29400BD-4D44-46B8-B9A5-60F25B7C1FD1}.Release|Any CPU.Build.0 = Release|Any CPU
		{AB7FEA13-2074-4316-919F-748C2D42B052}.Debug|Any CPU.ActiveCfg = Debug|Any CPU
		{AB7FEA13-2074-4316-919F-748C2D42B052}.Debug|Any CPU.Build.0 = Debug|Any CPU
		{AB7FEA13-2074-4316-919F-748C2D42B052}.Release|Any CPU.ActiveCfg = Release|Any CPU
		{AB7FEA13-2074-4316-919F-748C2D42B052}.Release|Any CPU.Build.0 = Release|Any CPU
	EndGlobalSection
	GlobalSection(SolutionProperties) = preSolution
		HideSolutionNode = FALSE
	EndGlobalSection
	GlobalSection(ExtensibilityGlobals) = postSolution
		SolutionGuid = {ECE51EBD-A064-4D85-A9E2-AD534B439F37}
	EndGlobalSection
EndGlobal
